
Microsoft Visual Studio Solution File, Format Version 12.00
Project("{FAE04EC0-301F-11D3-BF4B-00C04F79EFBC}") = "CiTest", "CiTest\CiTest.csproj", "{5AE38D96-87EF-468A-AAF3-C4E0F5AA95E2}"
EndProject
Global
	GlobalSection(SolutionConfigurationPlatforms) = preSolution
		Debug|Any CPU = Debug|Any CPU
		Release|Any CPU = Release|Any CPU
	EndGlobalSection
	GlobalSection(ProjectConfigurationPlatforms) = postSolution
		{5AE38D96-87EF-468A-AAF3-C4E0F5AA95E2}.Debug|Any CPU.ActiveCfg = Debug|Any CPU
		{5AE38D96-87EF-468A-AAF3-C4E0F5AA95E2}.Debug|Any CPU.Build.0 = Debug|Any CPU
		{5AE38D96-87EF-468A-AAF3-C4E0F5AA95E2}.Release|Any CPU.ActiveCfg = Release|Any CPU
		{5AE38D96-87EF-468A-AAF3-C4E0F5AA95E2}.Release|Any CPU.Build.0 = Release|Any CPU
	EndGlobalSection
EndGlobal
